
Microsoft Visual Studio Solution File, Format Version 12.00
# Visual Studio Version 16
VisualStudioVersion = 16.0.29201.188
MinimumVisualStudioVersion = 10.0.40219.1
Project("{9A19103F-16F7-4668-BE54-9A1E7A4F7556}") = "Oracle.Copy", "Oracle.Copy\Oracle.Copy.csproj", "{CBE570B2-698C-4FE0-84F5-5D17C7A8028A}"
EndProject
Project("{FAE04EC0-301F-11D3-BF4B-00C04F79EFBC}") = "Oracle.Copy.Test", "Oracle.Copy.Test\Oracle.Copy.Test.csproj", "{AD12EE78-6A81-4F72-8982-64146CA1A76F}"
EndProject
Global
	GlobalSection(SolutionConfigurationPlatforms) = preSolution
		Debug|Any CPU = Debug|Any CPU
		Release|Any CPU = Release|Any CPU
	EndGlobalSection
	GlobalSection(ProjectConfigurationPlatforms) = postSolution
		{CBE570B2-698C-4FE0-84F5-5D17C7A8028A}.Debug|Any CPU.ActiveCfg = Debug|Any CPU
		{CBE570B2-698C-4FE0-84F5-5D17C7A8028A}.Debug|Any CPU.Build.0 = Debug|Any CPU
		{CBE570B2-698C-4FE0-84F5-5D17C7A8028A}.Release|Any CPU.ActiveCfg = Release|Any CPU
		{CBE570B2-698C-4FE0-84F5-5D17C7A8028A}.Release|Any CPU.Build.0 = Release|Any CPU
		{AD12EE78-6A81-4F72-8982-64146CA1A76F}.Debug|Any CPU.ActiveCfg = Debug|Any CPU
		{AD12EE78-6A81-4F72-8982-64146CA1A76F}.Debug|Any CPU.Build.0 = Debug|Any CPU
		{AD12EE78-6A81-4F72-8982-64146CA1A76F}.Release|Any CPU.ActiveCfg = Release|Any CPU
		{AD12EE78-6A81-4F72-8982-64146CA1A76F}.Release|Any CPU.Build.0 = Release|Any CPU
	EndGlobalSection
	GlobalSection(SolutionProperties) = preSolution
		HideSolutionNode = FALSE
	EndGlobalSection
	GlobalSection(ExtensibilityGlobals) = postSolution
		SolutionGuid = {49988287-5E80-423F-A8B6-5082BCA78A6F}
	EndGlobalSection
EndGlobal
