
Microsoft Visual Studio Solution File, Format Version 12.00
# Visual Studio Version 16
VisualStudioVersion = 16.0.29201.188
MinimumVisualStudioVersion = 10.0.40219.1
Project("{9A19103F-16F7-4668-BE54-9A1E7A4F7556}") = "Exate.Rules.WebApi.DataAccess", "Exate.Rules.WebApi.DataAccess\Exate.Rules.WebApi.DataAccess.csproj", "{9AC32567-ADA1-4336-A673-BAEE15D3717A}"
EndProject
Project("{9A19103F-16F7-4668-BE54-9A1E7A4F7556}") = "Exate.Rules.WebApi.Models", "Exate.Rules.WebApi.Models\Exate.Rules.WebApi.Models.csproj", "{8A673D99-1B6E-4934-A2D4-428DCD4F8C16}"
EndProject
Project("{9A19103F-16F7-4668-BE54-9A1E7A4F7556}") = "Exate.Rules.WebApi.DataAccess.Test", "Exate.Rules.WebApi.DataAccess.Test\Exate.Rules.WebApi.DataAccess.Test.csproj", "{57F2573B-A3E9-4035-A892-2A1062C9163E}"
EndProject
Global
	GlobalSection(SolutionConfigurationPlatforms) = preSolution
		Debug|Any CPU = Debug|Any CPU
		Release|Any CPU = Release|Any CPU
	EndGlobalSection
	GlobalSection(ProjectConfigurationPlatforms) = postSolution
		{9AC32567-ADA1-4336-A673-BAEE15D3717A}.Debug|Any CPU.ActiveCfg = Debug|Any CPU
		{9AC32567-ADA1-4336-A673-BAEE15D3717A}.Debug|Any CPU.Build.0 = Debug|Any CPU
		{9AC32567-ADA1-4336-A673-BAEE15D3717A}.Release|Any CPU.ActiveCfg = Release|Any CPU
		{9AC32567-ADA1-4336-A673-BAEE15D3717A}.Release|Any CPU.Build.0 = Release|Any CPU
		{8A673D99-1B6E-4934-A2D4-428DCD4F8C16}.Debug|Any CPU.ActiveCfg = Debug|Any CPU
		{8A673D99-1B6E-4934-A2D4-428DCD4F8C16}.Debug|Any CPU.Build.0 = Debug|Any CPU
		{8A673D99-1B6E-4934-A2D4-428DCD4F8C16}.Release|Any CPU.ActiveCfg = Release|Any CPU
		{8A673D99-1B6E-4934-A2D4-428DCD4F8C16}.Release|Any CPU.Build.0 = Release|Any CPU
		{57F2573B-A3E9-4035-A892-2A1062C9163E}.Debug|Any CPU.ActiveCfg = Debug|Any CPU
		{57F2573B-A3E9-4035-A892-2A1062C9163E}.Debug|Any CPU.Build.0 = Debug|Any CPU
		{57F2573B-A3E9-4035-A892-2A1062C9163E}.Release|Any CPU.ActiveCfg = Release|Any CPU
		{57F2573B-A3E9-4035-A892-2A1062C9163E}.Release|Any CPU.Build.0 = Release|Any CPU
	EndGlobalSection
	GlobalSection(SolutionProperties) = preSolution
		HideSolutionNode = FALSE
	EndGlobalSection
	GlobalSection(ExtensibilityGlobals) = postSolution
		SolutionGuid = {724C2136-97DF-49F9-808C-15BB1697DF24}
	EndGlobalSection
EndGlobal
