
Microsoft Visual Studio Solution File, Format Version 12.00
# Visual Studio Version 16
VisualStudioVersion = 16.0.29306.81
MinimumVisualStudioVersion = 10.0.40219.1
Project("{9A19103F-16F7-4668-BE54-9A1E7A4F7556}") = "XsdToObjectTree", "XsdToObjectTree.csproj", "{A6714DD5-4FB4-4D35-8A67-2850BF98B4C7}"
EndProject
Project("{FAE04EC0-301F-11D3-BF4B-00C04F79EFBC}") = "XsdToObjectTreeLibrary", "..\XsdToObjectTreeLibrary\XsdToObjectTreeLibrary.csproj", "{B48E6479-C188-4979-9CD3-FCE177BE5D99}"
EndProject
Project("{FAE04EC0-301F-11D3-BF4B-00C04F79EFBC}") = "XUnitTestProject", "..\XUnitTestProject\XUnitTestProject.csproj", "{72A7D2AD-AD5D-4E21-BB0A-AC2CD345515F}"
EndProject
Global
	GlobalSection(SolutionConfigurationPlatforms) = preSolution
		Debug|Any CPU = Debug|Any CPU
		Release|Any CPU = Release|Any CPU
	EndGlobalSection
	GlobalSection(ProjectConfigurationPlatforms) = postSolution
		{A6714DD5-4FB4-4D35-8A67-2850BF98B4C7}.Debug|Any CPU.ActiveCfg = Debug|Any CPU
		{A6714DD5-4FB4-4D35-8A67-2850BF98B4C7}.Debug|Any CPU.Build.0 = Debug|Any CPU
		{A6714DD5-4FB4-4D35-8A67-2850BF98B4C7}.Release|Any CPU.ActiveCfg = Release|Any CPU
		{A6714DD5-4FB4-4D35-8A67-2850BF98B4C7}.Release|Any CPU.Build.0 = Release|Any CPU
		{B48E6479-C188-4979-9CD3-FCE177BE5D99}.Debug|Any CPU.ActiveCfg = Debug|Any CPU
		{B48E6479-C188-4979-9CD3-FCE177BE5D99}.Debug|Any CPU.Build.0 = Debug|Any CPU
		{B48E6479-C188-4979-9CD3-FCE177BE5D99}.Release|Any CPU.ActiveCfg = Release|Any CPU
		{B48E6479-C188-4979-9CD3-FCE177BE5D99}.Release|Any CPU.Build.0 = Release|Any CPU
		{72A7D2AD-AD5D-4E21-BB0A-AC2CD345515F}.Debug|Any CPU.ActiveCfg = Debug|Any CPU
		{72A7D2AD-AD5D-4E21-BB0A-AC2CD345515F}.Debug|Any CPU.Build.0 = Debug|Any CPU
		{72A7D2AD-AD5D-4E21-BB0A-AC2CD345515F}.Release|Any CPU.ActiveCfg = Release|Any CPU
		{72A7D2AD-AD5D-4E21-BB0A-AC2CD345515F}.Release|Any CPU.Build.0 = Release|Any CPU
	EndGlobalSection
	GlobalSection(SolutionProperties) = preSolution
		HideSolutionNode = FALSE
	EndGlobalSection
	GlobalSection(ExtensibilityGlobals) = postSolution
		SolutionGuid = {10132491-F466-4814-A85A-7439F0684812}
	EndGlobalSection
EndGlobal
